
Microsoft Visual Studio Solution File, Format Version 12.00
# Visual Studio Version 17
VisualStudioVersion = 17.5.002.0
MinimumVisualStudioVersion = 10.0.40219.1
Project("{9A19103F-16F7-4668-BE54-9A1E7A4F7556}") = "set1-3", "set1-3.csproj", "{0A287631-4EE2-4989-B06D-7D6DF84ADB8E}"
EndProject
Global
	GlobalSection(SolutionConfigurationPlatforms) = preSolution
		Debug|Any CPU = Debug|Any CPU
		Release|Any CPU = Release|Any CPU
	EndGlobalSection
	GlobalSection(ProjectConfigurationPlatforms) = postSolution
		{0A287631-4EE2-4989-B06D-7D6DF84ADB8E}.Debug|Any CPU.ActiveCfg = Debug|Any CPU
		{0A287631-4EE2-4989-B06D-7D6DF84ADB8E}.Debug|Any CPU.Build.0 = Debug|Any CPU
		{0A287631-4EE2-4989-B06D-7D6DF84ADB8E}.Release|Any CPU.ActiveCfg = Release|Any CPU
		{0A287631-4EE2-4989-B06D-7D6DF84ADB8E}.Release|Any CPU.Build.0 = Release|Any CPU
	EndGlobalSection
	GlobalSection(SolutionProperties) = preSolution
		HideSolutionNode = FALSE
	EndGlobalSection
	GlobalSection(ExtensibilityGlobals) = postSolution
		SolutionGuid = {D1163C62-E205-47FD-BE56-2267424D96C2}
	EndGlobalSection
EndGlobal
